
Microsoft Visual Studio Solution File, Format Version 12.00
# Visual Studio Version 17
VisualStudioVersion = 17.11.35312.102
MinimumVisualStudioVersion = 10.0.40219.1
Project("{FAE04EC0-301F-11D3-BF4B-00C04F79EFBC}") = "Basketball_LiveScore.Server", "Basketball_LiveScore.Server\Basketball_LiveScore.Server.csproj", "{840B4299-CF01-4E4E-9C7D-ADA0A5E0FA8A}"
EndProject
Project("{54A90642-561A-4BB1-A94E-469ADEE60C69}") = "basketball_livescore.client", "basketball_livescore.client\basketball_livescore.client.esproj", "{DA817E2A-4FEC-49F8-8831-D0D698A046D5}"
EndProject
Global
	GlobalSection(SolutionConfigurationPlatforms) = preSolution
		Debug|Any CPU = Debug|Any CPU
		Release|Any CPU = Release|Any CPU
	EndGlobalSection
	GlobalSection(ProjectConfigurationPlatforms) = postSolution
		{840B4299-CF01-4E4E-9C7D-ADA0A5E0FA8A}.Debug|Any CPU.ActiveCfg = Debug|Any CPU
		{840B4299-CF01-4E4E-9C7D-ADA0A5E0FA8A}.Debug|Any CPU.Build.0 = Debug|Any CPU
		{840B4299-CF01-4E4E-9C7D-ADA0A5E0FA8A}.Release|Any CPU.ActiveCfg = Release|Any CPU
		{840B4299-CF01-4E4E-9C7D-ADA0A5E0FA8A}.Release|Any CPU.Build.0 = Release|Any CPU
		{DA817E2A-4FEC-49F8-8831-D0D698A046D5}.Debug|Any CPU.ActiveCfg = Debug|Any CPU
		{DA817E2A-4FEC-49F8-8831-D0D698A046D5}.Debug|Any CPU.Build.0 = Debug|Any CPU
		{DA817E2A-4FEC-49F8-8831-D0D698A046D5}.Debug|Any CPU.Deploy.0 = Debug|Any CPU
		{DA817E2A-4FEC-49F8-8831-D0D698A046D5}.Release|Any CPU.ActiveCfg = Release|Any CPU
		{DA817E2A-4FEC-49F8-8831-D0D698A046D5}.Release|Any CPU.Build.0 = Release|Any CPU
		{DA817E2A-4FEC-49F8-8831-D0D698A046D5}.Release|Any CPU.Deploy.0 = Release|Any CPU
	EndGlobalSection
	GlobalSection(SolutionProperties) = preSolution
		HideSolutionNode = FALSE
	EndGlobalSection
	GlobalSection(ExtensibilityGlobals) = postSolution
		SolutionGuid = {30FD0028-DED9-481D-83AC-626FCA84F703}
	EndGlobalSection
EndGlobal
